// !$*UTF8*$!
{
	archiveVersion = 1;
	classes = {
	};
	objectVersion = 56;
	objects = {

/* Begin PBXBuildFile section */
		51DBB0D729FD8FD700CE073D /* AppDelegate.swift in Sources */ = {isa = PBXBuildFile; fileRef = 51DBB0D629FD8FD700CE073D /* AppDelegate.swift */; };
		51DBB0D929FD8FD700CE073D /* SceneDelegate.swift in Sources */ = {isa = PBXBuildFile; fileRef = 51DBB0D829FD8FD700CE073D /* SceneDelegate.swift */; };
		51DBB0DB29FD8FD700CE073D /* ViewController.swift in Sources */ = {isa = PBXBuildFile; fileRef = 51DBB0DA29FD8FD700CE073D /* ViewController.swift */; };
		51DBB0DE29FD8FD700CE073D /* Main.storyboard in Resources */ = {isa = PBXBuildFile; fileRef = 51DBB0DC29FD8FD700CE073D /* Main.storyboard */; };
		51DBB0E029FD8FDB00CE073D /* Assets.xcassets in Resources */ = {isa = PBXBuildFile; fileRef = 51DBB0DF29FD8FDB00CE073D /* Assets.xcassets */; };
		51DBB0E329FD8FDB00CE073D /* LaunchScreen.storyboard in Resources */ = {isa = PBXBuildFile; fileRef = 51DBB0E129FD8FDB00CE073D /* LaunchScreen.storyboard */; };
		51DBB0EE29FD8FDC00CE073D /* RockPaperScissorsTests.swift in Sources */ = {isa = PBXBuildFile; fileRef = 51DBB0ED29FD8FDC00CE073D /* RockPaperScissorsTests.swift */; };
		51DBB0F829FD8FDC00CE073D /* RockPaperScissorsUITests.swift in Sources */ = {isa = PBXBuildFile; fileRef = 51DBB0F729FD8FDC00CE073D /* RockPaperScissorsUITests.swift */; };
		51DBB0FA29FD8FDC00CE073D /* RockPaperScissorsUITestsLaunchTests.swift in Sources */ = {isa = PBXBuildFile; fileRef = 51DBB0F929FD8FDC00CE073D /* RockPaperScissorsUITestsLaunchTests.swift */; };
		51DBB10729FD911600CE073D /* Sign.swift in Sources */ = {isa = PBXBuildFile; fileRef = 51DBB10629FD911600CE073D /* Sign.swift */; };
		51DBB10929FD93AE00CE073D /* GameState.swift in Sources */ = {isa = PBXBuildFile; fileRef = 51DBB10829FD93AE00CE073D /* GameState.swift */; };
/* End PBXBuildFile section */

/* Begin PBXContainerItemProxy section */
		51DBB0EA29FD8FDC00CE073D /* PBXContainerItemProxy */ = {
			isa = PBXContainerItemProxy;
			containerPortal = 51DBB0CB29FD8FD700CE073D /* Project object */;
			proxyType = 1;
			remoteGlobalIDString = 51DBB0D229FD8FD700CE073D;
			remoteInfo = RockPaperScissors;
		};
		51DBB0F429FD8FDC00CE073D /* PBXContainerItemProxy */ = {
			isa = PBXContainerItemProxy;
			containerPortal = 51DBB0CB29FD8FD700CE073D /* Project object */;
			proxyType = 1;
			remoteGlobalIDString = 51DBB0D229FD8FD700CE073D;
			remoteInfo = RockPaperScissors;
		};
/* End PBXContainerItemProxy section */

/* Begin PBXFileReference section */
		51DBB0D329FD8FD700CE073D /* RockPaperScissors.app */ = {isa = PBXFileReference; explicitFileType = wrapper.application; includeInIndex = 0; path = RockPaperScissors.app; sourceTree = BUILT_PRODUCTS_DIR; };
		51DBB0D629FD8FD700CE073D /* AppDelegate.swift */ = {isa = PBXFileReference; lastKnownFileType = sourcecode.swift; path = AppDelegate.swift; sourceTree = "<group>"; };
		51DBB0D829FD8FD700CE073D /* SceneDelegate.swift */ = {isa = PBXFileReference; lastKnownFileType = sourcecode.swift; path = SceneDelegate.swift; sourceTree = "<group>"; };
		51DBB0DA29FD8FD700CE073D /* ViewController.swift */ = {isa = PBXFileReference; lastKnownFileType = sourcecode.swift; path = ViewController.swift; sourceTree = "<group>"; };
		51DBB0DD29FD8FD700CE073D /* Base */ = {isa = PBXFileReference; lastKnownFileType = file.storyboard; name = Base; path = Base.lproj/Main.storyboard; sourceTree = "<group>"; };
		51DBB0DF29FD8FDB00CE073D /* Assets.xcassets */ = {isa = PBXFileReference; lastKnownFileType = folder.assetcatalog; path = Assets.xcassets; sourceTree = "<group>"; };
		51DBB0E229FD8FDB00CE073D /* Base */ = {isa = PBXFileReference; lastKnownFileType = file.storyboard; name = Base; path = Base.lproj/LaunchScreen.storyboard; sourceTree = "<group>"; };
		51DBB0E429FD8FDB00CE073D /* Info.plist */ = {isa = PBXFileReference; lastKnownFileType = text.plist.xml; path = Info.plist; sourceTree = "<group>"; };
		51DBB0E929FD8FDC00CE073D /* RockPaperScissorsTests.xctest */ = {isa = PBXFileReference; explicitFileType = wrapper.cfbundle; includeInIndex = 0; path = RockPaperScissorsTests.xctest; sourceTree = BUILT_PRODUCTS_DIR; };
		51DBB0ED29FD8FDC00CE073D /* RockPaperScissorsTests.swift */ = {isa = PBXFileReference; lastKnownFileType = sourcecode.swift; path = RockPaperScissorsTests.swift; sourceTree = "<group>"; };
		51DBB0F329FD8FDC00CE073D /* RockPaperScissorsUITests.xctest */ = {isa = PBXFileReference; explicitFileType = wrapper.cfbundle; includeInIndex = 0; path = RockPaperScissorsUITests.xctest; sourceTree = BUILT_PRODUCTS_DIR; };
		51DBB0F729FD8FDC00CE073D /* RockPaperScissorsUITests.swift */ = {isa = PBXFileReference; lastKnownFileType = sourcecode.swift; path = RockPaperScissorsUITests.swift; sourceTree = "<group>"; };
		51DBB0F929FD8FDC00CE073D /* RockPaperScissorsUITestsLaunchTests.swift */ = {isa = PBXFileReference; lastKnownFileType = sourcecode.swift; path = RockPaperScissorsUITestsLaunchTests.swift; sourceTree = "<group>"; };
		51DBB10629FD911600CE073D /* Sign.swift */ = {isa = PBXFileReference; lastKnownFileType = sourcecode.swift; path = Sign.swift; sourceTree = "<group>"; };
		51DBB10829FD93AE00CE073D /* GameState.swift */ = {isa = PBXFileReference; lastKnownFileType = sourcecode.swift; path = GameState.swift; sourceTree = "<group>"; };
/* End PBXFileReference section */

/* Begin PBXFrameworksBuildPhase section */
		51DBB0D029FD8FD700CE073D /* Frameworks */ = {
			isa = PBXFrameworksBuildPhase;
			buildActionMask = 2147483647;
			files = (
			);
			runOnlyForDeploymentPostprocessing = 0;
		};
		51DBB0E629FD8FDC00CE073D /* Frameworks */ = {
			isa = PBXFrameworksBuildPhase;
			buildActionMask = 2147483647;
			files = (
			);
			runOnlyForDeploymentPostprocessing = 0;
		};
		51DBB0F029FD8FDC00CE073D /* Frameworks */ = {
			isa = PBXFrameworksBuildPhase;
			buildActionMask = 2147483647;
			files = (
			);
			runOnlyForDeploymentPostprocessing = 0;
		};
/* End PBXFrameworksBuildPhase section */

/* Begin PBXGroup section */
		51DBB0CA29FD8FD700CE073D = {
			isa = PBXGroup;
			children = (
				51DBB0D529FD8FD700CE073D /* RockPaperScissors */,
				51DBB0EC29FD8FDC00CE073D /* RockPaperScissorsTests */,
				51DBB0F629FD8FDC00CE073D /* RockPaperScissorsUITests */,
				51DBB0D429FD8FD700CE073D /* Products */,
			);
			sourceTree = "<group>";
		};
		51DBB0D429FD8FD700CE073D /* Products */ = {
			isa = PBXGroup;
			children = (
				51DBB0D329FD8FD700CE073D /* RockPaperScissors.app */,
				51DBB0E929FD8FDC00CE073D /* RockPaperScissorsTests.xctest */,
				51DBB0F329FD8FDC00CE073D /* RockPaperScissorsUITests.xctest */,
			);
			name = Products;
			sourceTree = "<group>";
		};
		51DBB0D529FD8FD700CE073D /* RockPaperScissors */ = {
			isa = PBXGroup;
			children = (
				51DBB10629FD911600CE073D /* Sign.swift */,
				51DBB10829FD93AE00CE073D /* GameState.swift */,
				51DBB0D629FD8FD700CE073D /* AppDelegate.swift */,
				51DBB0D829FD8FD700CE073D /* SceneDelegate.swift */,
				51DBB0DA29FD8FD700CE073D /* ViewController.swift */,
				51DBB0DC29FD8FD700CE073D /* Main.storyboard */,
				51DBB0DF29FD8FDB00CE073D /* Assets.xcassets */,
				51DBB0E129FD8FDB00CE073D /* LaunchScreen.storyboard */,
				51DBB0E429FD8FDB00CE073D /* Info.plist */,
			);
			path = RockPaperScissors;
			sourceTree = "<group>";
		};
		51DBB0EC29FD8FDC00CE073D /* RockPaperScissorsTests */ = {
			isa = PBXGroup;
			children = (
				51DBB0ED29FD8FDC00CE073D /* RockPaperScissorsTests.swift */,
			);
			path = RockPaperScissorsTests;
			sourceTree = "<group>";
		};
		51DBB0F629FD8FDC00CE073D /* RockPaperScissorsUITests */ = {
			isa = PBXGroup;
			children = (
				51DBB0F729FD8FDC00CE073D /* RockPaperScissorsUITests.swift */,
				51DBB0F929FD8FDC00CE073D /* RockPaperScissorsUITestsLaunchTests.swift */,
			);
			path = RockPaperScissorsUITests;
			sourceTree = "<group>";
		};
/* End PBXGroup section */

/* Begin PBXNativeTarget section */
		51DBB0D229FD8FD700CE073D /* RockPaperScissors */ = {
			isa = PBXNativeTarget;
			buildConfigurationList = 51DBB0FD29FD8FDC00CE073D /* Build configuration list for PBXNativeTarget "RockPaperScissors" */;
			buildPhases = (
				51DBB0CF29FD8FD700CE073D /* Sources */,
				51DBB0D029FD8FD700CE073D /* Frameworks */,
				51DBB0D129FD8FD700CE073D /* Resources */,
			);
			buildRules = (
			);
			dependencies = (
			);
			name = RockPaperScissors;
			productName = RockPaperScissors;
			productReference = 51DBB0D329FD8FD700CE073D /* RockPaperScissors.app */;
			productType = "com.apple.product-type.application";
		};
		51DBB0E829FD8FDC00CE073D /* RockPaperScissorsTests */ = {
			isa = PBXNativeTarget;
			buildConfigurationList = 51DBB10029FD8FDC00CE073D /* Build configuration list for PBXNativeTarget "RockPaperScissorsTests" */;
			buildPhases = (
				51DBB0E529FD8FDC00CE073D /* Sources */,
				51DBB0E629FD8FDC00CE073D /* Frameworks */,
				51DBB0E729FD8FDC00CE073D /* Resources */,
			);
			buildRules = (
			);
			dependencies = (
				51DBB0EB29FD8FDC00CE073D /* PBXTargetDependency */,
			);
			name = RockPaperScissorsTests;
			productName = RockPaperScissorsTests;
			productReference = 51DBB0E929FD8FDC00CE073D /* RockPaperScissorsTests.xctest */;
			productType = "com.apple.product-type.bundle.unit-test";
		};
		51DBB0F229FD8FDC00CE073D /* RockPaperScissorsUITests */ = {
			isa = PBXNativeTarget;
			buildConfigurationList = 51DBB10329FD8FDC00CE073D /* Build configuration list for PBXNativeTarget "RockPaperScissorsUITests" */;
			buildPhases = (
				51DBB0EF29FD8FDC00CE073D /* Sources */,
				51DBB0F029FD8FDC00CE073D /* Frameworks */,
				51DBB0F129FD8FDC00CE073D /* Resources */,
			);
			buildRules = (
			);
			dependencies = (
				51DBB0F529FD8FDC00CE073D /* PBXTargetDependency */,
			);
			name = RockPaperScissorsUITests;
			productName = RockPaperScissorsUITests;
			productReference = 51DBB0F329FD8FDC00CE073D /* RockPaperScissorsUITests.xctest */;
			productType = "com.apple.product-type.bundle.ui-testing";
		};
/* End PBXNativeTarget section */

/* Begin PBXProject section */
		51DBB0CB29FD8FD700CE073D /* Project object */ = {
			isa = PBXProject;
			attributes = {
				BuildIndependentTargetsInParallel = 1;
				LastSwiftUpdateCheck = 1420;
				LastUpgradeCheck = 1420;
				TargetAttributes = {
					51DBB0D229FD8FD700CE073D = {
						CreatedOnToolsVersion = 14.2;
					};
					51DBB0E829FD8FDC00CE073D = {
						CreatedOnToolsVersion = 14.2;
						TestTargetID = 51DBB0D229FD8FD700CE073D;
					};
					51DBB0F229FD8FDC00CE073D = {
						CreatedOnToolsVersion = 14.2;
						TestTargetID = 51DBB0D229FD8FD700CE073D;
					};
				};
			};
			buildConfigurationList = 51DBB0CE29FD8FD700CE073D /* Build configuration list for PBXProject "RockPaperScissors" */;
			compatibilityVersion = "Xcode 14.0";
			developmentRegion = en;
			hasScannedForEncodings = 0;
			knownRegions = (
				en,
				Base,
			);
			mainGroup = 51DBB0CA29FD8FD700CE073D;
			productRefGroup = 51DBB0D429FD8FD700CE073D /* Products */;
			projectDirPath = "";
			projectRoot = "";
			targets = (
				51DBB0D229FD8FD700CE073D /* RockPaperScissors */,
				51DBB0E829FD8FDC00CE073D /* RockPaperScissorsTests */,
				51DBB0F229FD8FDC00CE073D /* RockPaperScissorsUITests */,
			);
		};
/* End PBXProject section */

/* Begin PBXResourcesBuildPhase section */
		51DBB0D129FD8FD700CE073D /* Resources */ = {
			isa = PBXResourcesBuildPhase;
			buildActionMask = 2147483647;
			files = (
				51DBB0E329FD8FDB00CE073D /* LaunchScreen.storyboard in Resources */,
				51DBB0E029FD8FDB00CE073D /* Assets.xcassets in Resources */,
				51DBB0DE29FD8FD700CE073D /* Main.storyboard in Resources */,
			);
			runOnlyForDeploymentPostprocessing = 0;
		};
		51DBB0E729FD8FDC00CE073D /* Resources */ = {
			isa = PBXResourcesBuildPhase;
			buildActionMask = 2147483647;
			files = (
			);
			runOnlyForDeploymentPostprocessing = 0;
		};
		51DBB0F129FD8FDC00CE073D /* Resources */ = {
			isa = PBXResourcesBuildPhase;
			buildActionMask = 2147483647;
			files = (
			);
			runOnlyForDeploymentPostprocessing = 0;
		};
/* End PBXResourcesBuildPhase section */

/* Begin PBXSourcesBuildPhase section */
		51DBB0CF29FD8FD700CE073D /* Sources */ = {
			isa = PBXSourcesBuildPhase;
			buildActionMask = 2147483647;
			files = (
				51DBB0DB29FD8FD700CE073D /* ViewController.swift in Sources */,
				51DBB0D729FD8FD700CE073D /* AppDelegate.swift in Sources */,
				51DBB10929FD93AE00CE073D /* GameState.swift in Sources */,
				51DBB10729FD911600CE073D /* Sign.swift in Sources */,
				51DBB0D929FD8FD700CE073D /* SceneDelegate.swift in Sources */,
			);
			runOnlyForDeploymentPostprocessing = 0;
		};
		51DBB0E529FD8FDC00CE073D /* Sources */ = {
			isa = PBXSourcesBuildPhase;
			buildActionMask = 2147483647;
			files = (
				51DBB0EE29FD8FDC00CE073D /* RockPaperScissorsTests.swift in Sources */,
			);
			runOnlyForDeploymentPostprocessing = 0;
		};
		51DBB0EF29FD8FDC00CE073D /* Sources */ = {
			isa = PBXSourcesBuildPhase;
			buildActionMask = 2147483647;
			files = (
				51DBB0F829FD8FDC00CE073D /* RockPaperScissorsUITests.swift in Sources */,
				51DBB0FA29FD8FDC00CE073D /* RockPaperScissorsUITestsLaunchTests.swift in Sources */,
			);
			runOnlyForDeploymentPostprocessing = 0;
		};
/* End PBXSourcesBuildPhase section */

/* Begin PBXTargetDependency section */
		51DBB0EB29FD8FDC00CE073D /* PBXTargetDependency */ = {
			isa = PBXTargetDependency;
			target = 51DBB0D229FD8FD700CE073D /* RockPaperScissors */;
			targetProxy = 51DBB0EA29FD8FDC00CE073D /* PBXContainerItemProxy */;
		};
		51DBB0F529FD8FDC00CE073D /* PBXTargetDependency */ = {
			isa = PBXTargetDependency;
			target = 51DBB0D229FD8FD700CE073D /* RockPaperScissors */;
			targetProxy = 51DBB0F429FD8FDC00CE073D /* PBXContainerItemProxy */;
		};
/* End PBXTargetDependency section */

/* Begin PBXVariantGroup section */
		51DBB0DC29FD8FD700CE073D /* Main.storyboard */ = {
			isa = PBXVariantGroup;
			children = (
				51DBB0DD29FD8FD700CE073D /* Base */,
			);
			name = Main.storyboard;
			sourceTree = "<group>";
		};
		51DBB0E129FD8FDB00CE073D /* LaunchScreen.storyboard */ = {
			isa = PBXVariantGroup;
			children = (
				51DBB0E229FD8FDB00CE073D /* Base */,
			);
			name = LaunchScreen.storyboard;
			sourceTree = "<group>";
		};
/* End PBXVariantGroup section */

/* Begin XCBuildConfiguration section */
		51DBB0FB29FD8FDC00CE073D /* Debug */ = {
			isa = XCBuildConfiguration;
			buildSettings = {
				ALWAYS_SEARCH_USER_PATHS = NO;
				CLANG_ANALYZER_NONNULL = YES;
				CLANG_ANALYZER_NUMBER_OBJECT_CONVERSION = YES_AGGRESSIVE;
				CLANG_CXX_LANGUAGE_STANDARD = "gnu++20";
				CLANG_ENABLE_MODULES = YES;
				CLANG_ENABLE_OBJC_ARC = YES;
				CLANG_ENABLE_OBJC_WEAK = YES;
				CLANG_WARN_BLOCK_CAPTURE_AUTORELEASING = YES;
				CLANG_WARN_BOOL_CONVERSION = YES;
				CLANG_WARN_COMMA = YES;
				CLANG_WARN_CONSTANT_CONVERSION = YES;
				CLANG_WARN_DEPRECATED_OBJC_IMPLEMENTATIONS = YES;
				CLANG_WARN_DIRECT_OBJC_ISA_USAGE = YES_ERROR;
				CLANG_WARN_DOCUMENTATION_COMMENTS = YES;
				CLANG_WARN_EMPTY_BODY = YES;
				CLANG_WARN_ENUM_CONVERSION = YES;
				CLANG_WARN_INFINITE_RECURSION = YES;
				CLANG_WARN_INT_CONVERSION = YES;
				CLANG_WARN_NON_LITERAL_NULL_CONVERSION = YES;
				CLANG_WARN_OBJC_IMPLICIT_RETAIN_SELF = YES;
				CLANG_WARN_OBJC_LITERAL_CONVERSION = YES;
				CLANG_WARN_OBJC_ROOT_CLASS = YES_ERROR;
				CLANG_WARN_QUOTED_INCLUDE_IN_FRAMEWORK_HEADER = YES;
				CLANG_WARN_RANGE_LOOP_ANALYSIS = YES;
				CLANG_WARN_STRICT_PROTOTYPES = YES;
				CLANG_WARN_SUSPICIOUS_MOVE = YES;
				CLANG_WARN_UNGUARDED_AVAILABILITY = YES_AGGRESSIVE;
				CLANG_WARN_UNREACHABLE_CODE = YES;
				CLANG_WARN__DUPLICATE_METHOD_MATCH = YES;
				COPY_PHASE_STRIP = NO;
				DEBUG_INFORMATION_FORMAT = dwarf;
				ENABLE_STRICT_OBJC_MSGSEND = YES;
				ENABLE_TESTABILITY = YES;
				GCC_C_LANGUAGE_STANDARD = gnu11;
				GCC_DYNAMIC_NO_PIC = NO;
				GCC_NO_COMMON_BLOCKS = YES;
				GCC_OPTIMIZATION_LEVEL = 0;
				GCC_PREPROCESSOR_DEFINITIONS = (
					"DEBUG=1",
					"$(inherited)",
				);
				GCC_WARN_64_TO_32_BIT_CONVERSION = YES;
				GCC_WARN_ABOUT_RETURN_TYPE = YES_ERROR;
				GCC_WARN_UNDECLARED_SELECTOR = YES;
				GCC_WARN_UNINITIALIZED_AUTOS = YES_AGGRESSIVE;
				GCC_WARN_UNUSED_FUNCTION = YES;
				GCC_WARN_UNUSED_VARIABLE = YES;
				IPHONEOS_DEPLOYMENT_TARGET = 16.2;
				MTL_ENABLE_DEBUG_INFO = INCLUDE_SOURCE;
				MTL_FAST_MATH = YES;
				ONLY_ACTIVE_ARCH = YES;
				SDKROOT = iphoneos;
				SWIFT_ACTIVE_COMPILATION_CONDITIONS = DEBUG;
				SWIFT_OPTIMIZATION_LEVEL = "-Onone";
			};
			name = Debug;
		};
		51DBB0FC29FD8FDC00CE073D /* Release */ = {
			isa = XCBuildConfiguration;
			buildSettings = {
				ALWAYS_SEARCH_USER_PATHS = NO;
				CLANG_ANALYZER_NONNULL = YES;
				CLANG_ANALYZER_NUMBER_OBJECT_CONVERSION = YES_AGGRESSIVE;
				CLANG_CXX_LANGUAGE_STANDARD = "gnu++20";
				CLANG_ENABLE_MODULES = YES;
				CLANG_ENABLE_OBJC_ARC = YES;
				CLANG_ENABLE_OBJC_WEAK = YES;
				CLANG_WARN_BLOCK_CAPTURE_AUTORELEASING = YES;
				CLANG_WARN_BOOL_CONVERSION = YES;
				CLANG_WARN_COMMA = YES;
				CLANG_WARN_CONSTANT_CONVERSION = YES;
				CLANG_WARN_DEPRECATED_OBJC_IMPLEMENTATIONS = YES;
				CLANG_WARN_DIRECT_OBJC_ISA_USAGE = YES_ERROR;
				CLANG_WARN_DOCUMENTATION_COMMENTS = YES;
				CLANG_WARN_EMPTY_BODY = YES;
				CLANG_WARN_ENUM_CONVERSION = YES;
				CLANG_WARN_INFINITE_RECURSION = YES;
				CLANG_WARN_INT_CONVERSION = YES;
				CLANG_WARN_NON_LITERAL_NULL_CONVERSION = YES;
				CLANG_WARN_OBJC_IMPLICIT_RETAIN_SELF = YES;
				CLANG_WARN_OBJC_LITERAL_CONVERSION = YES;
				CLANG_WARN_OBJC_ROOT_CLASS = YES_ERROR;
				CLANG_WARN_QUOTED_INCLUDE_IN_FRAMEWORK_HEADER = YES;
				CLANG_WARN_RANGE_LOOP_ANALYSIS = YES;
				CLANG_WARN_STRICT_PROTOTYPES = YES;
				CLANG_WARN_SUSPICIOUS_MOVE = YES;
				CLANG_WARN_UNGUARDED_AVAILABILITY = YES_AGGRESSIVE;
				CLANG_WARN_UNREACHABLE_CODE = YES;
				CLANG_WARN__DUPLICATE_METHOD_MATCH = YES;
				COPY_PHASE_STRIP = NO;
				DEBUG_INFORMATION_FORMAT = "dwarf-with-dsym";
				ENABLE_NS_ASSERTIONS = NO;
				ENABLE_STRICT_OBJC_MSGSEND = YES;
				GCC_C_LANGUAGE_STANDARD = gnu11;
				GCC_NO_COMMON_BLOCKS = YES;
				GCC_WARN_64_TO_32_BIT_CONVERSION = YES;
				GCC_WARN_ABOUT_RETURN_TYPE = YES_ERROR;
				GCC_WARN_UNDECLARED_SELECTOR = YES;
				GCC_WARN_UNINITIALIZED_AUTOS = YES_AGGRESSIVE;
				GCC_WARN_UNUSED_FUNCTION = YES;
				GCC_WARN_UNUSED_VARIABLE = YES;
				IPHONEOS_DEPLOYMENT_TARGET = 16.2;
				MTL_ENABLE_DEBUG_INFO = NO;
				MTL_FAST_MATH = YES;
				SDKROOT = iphoneos;
				SWIFT_COMPILATION_MODE = wholemodule;
				SWIFT_OPTIMIZATION_LEVEL = "-O";
				VALIDATE_PRODUCT = YES;
			};
			name = Release;
		};
		51DBB0FE29FD8FDC00CE073D /* Debug */ = {
			isa = XCBuildConfiguration;
			buildSettings = {
				ASSETCATALOG_COMPILER_APPICON_NAME = AppIcon;
				ASSETCATALOG_COMPILER_GLOBAL_ACCENT_COLOR_NAME = AccentColor;
				CODE_SIGN_STYLE = Automatic;
				CURRENT_PROJECT_VERSION = 1;
				GENERATE_INFOPLIST_FILE = YES;
				INFOPLIST_FILE = RockPaperScissors/Info.plist;
				INFOPLIST_KEY_UIApplicationSupportsIndirectInputEvents = YES;
				INFOPLIST_KEY_UILaunchStoryboardName = LaunchScreen;
				INFOPLIST_KEY_UIMainStoryboardFile = Main;
				INFOPLIST_KEY_UISupportedInterfaceOrientations_iPad = "UIInterfaceOrientationPortrait UIInterfaceOrientationPortraitUpsideDown UIInterfaceOrientationLandscapeLeft UIInterfaceOrientationLandscapeRight";
				INFOPLIST_KEY_UISupportedInterfaceOrientations_iPhone = "UIInterfaceOrientationPortrait UIInterfaceOrientationLandscapeLeft UIInterfaceOrientationLandscapeRight";
				LD_RUNPATH_SEARCH_PATHS = (
					"$(inherited)",
					"@executable_path/Frameworks",
				);
				MARKETING_VERSION = 1.0;
				PRODUCT_BUNDLE_IDENTIFIER = com.example.RockPaperScissors;
				PRODUCT_NAME = "$(TARGET_NAME)";
				SWIFT_EMIT_LOC_STRINGS = YES;
				SWIFT_VERSION = 5.0;
				TARGETED_DEVICE_FAMILY = "1,2";
			};
			name = Debug;
		};
		51DBB0FF29FD8FDC00CE073D /* Release */ = {
			isa = XCBuildConfiguration;
			buildSettings = {
				ASSETCATALOG_COMPILER_APPICON_NAME = AppIcon;
				ASSETCATALOG_COMPILER_GLOBAL_ACCENT_COLOR_NAME = AccentColor;
				CODE_SIGN_STYLE = Automatic;
				CURRENT_PROJECT_VERSION = 1;
				GENERATE_INFOPLIST_FILE = YES;
				INFOPLIST_FILE = RockPaperScissors/Info.plist;
				INFOPLIST_KEY_UIApplicationSupportsIndirectInputEvents = YES;
				INFOPLIST_KEY_UILaunchStoryboardName = LaunchScreen;
				INFOPLIST_KEY_UIMainStoryboardFile = Main;
				INFOPLIST_KEY_UISupportedInterfaceOrientations_iPad = "UIInterfaceOrientationPortrait UIInterfaceOrientationPortraitUpsideDown UIInterfaceOrientationLandscapeLeft UIInterfaceOrientationLandscapeRight";
				INFOPLIST_KEY_UISupportedInterfaceOrientations_iPhone = "UIInterfaceOrientationPortrait UIInterfaceOrientationLandscapeLeft UIInterfaceOrientationLandscapeRight";
				LD_RUNPATH_SEARCH_PATHS = (
					"$(inherited)",
					"@executable_path/Frameworks",
				);
				MARKETING_VERSION = 1.0;
				PRODUCT_BUNDLE_IDENTIFIER = com.example.RockPaperScissors;
				PRODUCT_NAME = "$(TARGET_NAME)";
				SWIFT_EMIT_LOC_STRINGS = YES;
				SWIFT_VERSION = 5.0;
				TARGETED_DEVICE_FAMILY = "1,2";
			};
			name = Release;
		};
		51DBB10129FD8FDC00CE073D /* Debug */ = {
			isa = XCBuildConfiguration;
			buildSettings = {
				ALWAYS_EMBED_SWIFT_STANDARD_LIBRARIES = YES;
				BUNDLE_LOADER = "$(TEST_HOST)";
				CODE_SIGN_STYLE = Automatic;
				CURRENT_PROJECT_VERSION = 1;
				GENERATE_INFOPLIST_FILE = YES;
				IPHONEOS_DEPLOYMENT_TARGET = 16.2;
				MARKETING_VERSION = 1.0;
				PRODUCT_BUNDLE_IDENTIFIER = com.example.RockPaperScissorsTests;
				PRODUCT_NAME = "$(TARGET_NAME)";
				SWIFT_EMIT_LOC_STRINGS = NO;
				SWIFT_VERSION = 5.0;
				TARGETED_DEVICE_FAMILY = "1,2";
				TEST_HOST = "$(BUILT_PRODUCTS_DIR)/RockPaperScissors.app/$(BUNDLE_EXECUTABLE_FOLDER_PATH)/RockPaperScissors";
			};
			name = Debug;
		};
		51DBB10229FD8FDC00CE073D /* Release */ = {
			isa = XCBuildConfiguration;
			buildSettings = {
				ALWAYS_EMBED_SWIFT_STANDARD_LIBRARIES = YES;
				BUNDLE_LOADER = "$(TEST_HOST)";
				CODE_SIGN_STYLE = Automatic;
				CURRENT_PROJECT_VERSION = 1;
				GENERATE_INFOPLIST_FILE = YES;
				IPHONEOS_DEPLOYMENT_TARGET = 16.2;
				MARKETING_VERSION = 1.0;
				PRODUCT_BUNDLE_IDENTIFIER = com.example.RockPaperScissorsTests;
				PRODUCT_NAME = "$(TARGET_NAME)";
				SWIFT_EMIT_LOC_STRINGS = NO;
				SWIFT_VERSION = 5.0;
				TARGETED_DEVICE_FAMILY = "1,2";
				TEST_HOST = "$(BUILT_PRODUCTS_DIR)/RockPaperScissors.app/$(BUNDLE_EXECUTABLE_FOLDER_PATH)/RockPaperScissors";
			};
			name = Release;
		};
		51DBB10429FD8FDC00CE073D /* Debug */ = {
			isa = XCBuildConfiguration;
			buildSettings = {
				ALWAYS_EMBED_SWIFT_STANDARD_LIBRARIES = YES;
				CODE_SIGN_STYLE = Automatic;
				CURRENT_PROJECT_VERSION = 1;
				GENERATE_INFOPLIST_FILE = YES;
				MARKETING_VERSION = 1.0;
				PRODUCT_BUNDLE_IDENTIFIER = com.example.RockPaperScissorsUITests;
				PRODUCT_NAME = "$(TARGET_NAME)";
				SWIFT_EMIT_LOC_STRINGS = NO;
				SWIFT_VERSION = 5.0;
				TARGETED_DEVICE_FAMILY = "1,2";
				TEST_TARGET_NAME = RockPaperScissors;
			};
			name = Debug;
		};
		51DBB10529FD8FDC00CE073D /* Release */ = {
			isa = XCBuildConfiguration;
			buildSettings = {
				ALWAYS_EMBED_SWIFT_STANDARD_LIBRARIES = YES;
				CODE_SIGN_STYLE = Automatic;
				CURRENT_PROJECT_VERSION = 1;
				GENERATE_INFOPLIST_FILE = YES;
				MARKETING_VERSION = 1.0;
				PRODUCT_BUNDLE_IDENTIFIER = com.example.RockPaperScissorsUITests;
				PRODUCT_NAME = "$(TARGET_NAME)";
				SWIFT_EMIT_LOC_STRINGS = NO;
				SWIFT_VERSION = 5.0;
				TARGETED_DEVICE_FAMILY = "1,2";
				TEST_TARGET_NAME = RockPaperScissors;
			};
			name = Release;
		};
/* End XCBuildConfiguration section */

/* Begin XCConfigurationList section */
		51DBB0CE29FD8FD700CE073D /* Build configuration list for PBXProject "RockPaperScissors" */ = {
			isa = XCConfigurationList;
			buildConfigurations = (
				51DBB0FB29FD8FDC00CE073D /* Debug */,
				51DBB0FC29FD8FDC00CE073D /* Release */,
			);
			defaultConfigurationIsVisible = 0;
			defaultConfigurationName = Release;
		};
		51DBB0FD29FD8FDC00CE073D /* Build configuration list for PBXNativeTarget "RockPaperScissors" */ = {
			isa = XCConfigurationList;
			buildConfigurations = (
				51DBB0FE29FD8FDC00CE073D /* Debug */,
				51DBB0FF29FD8FDC00CE073D /* Release */,
			);
			defaultConfigurationIsVisible = 0;
			defaultConfigurationName = Release;
		};
		51DBB10029FD8FDC00CE073D /* Build configuration list for PBXNativeTarget "RockPaperScissorsTests" */ = {
			isa = XCConfigurationList;
			buildConfigurations = (
				51DBB10129FD8FDC00CE073D /* Debug */,
				51DBB10229FD8FDC00CE073D /* Release */,
			);
			defaultConfigurationIsVisible = 0;
			defaultConfigurationName = Release;
		};
		51DBB10329FD8FDC00CE073D /* Build configuration list for PBXNativeTarget "RockPaperScissorsUITests" */ = {
			isa = XCConfigurationList;
			buildConfigurations = (
				51DBB10429FD8FDC00CE073D /* Debug */,
				51DBB10529FD8FDC00CE073D /* Release */,
			);
			defaultConfigurationIsVisible = 0;
			defaultConfigurationName = Release;
		};
/* End XCConfigurationList section */
	};
	rootObject = 51DBB0CB29FD8FD700CE073D /* Project object */;
}
